
Microsoft Visual Studio Solution File, Format Version 12.00
# Visual Studio Version 17
VisualStudioVersion = 17.7.34009.444
MinimumVisualStudioVersion = 10.0.40219.1
Project("{FAE04EC0-301F-11D3-BF4B-00C04F79EFBC}") = "BackendQueDiosa", "BackendQueDiosa\BackendQueDiosa.csproj", "{AF3C497C-16E6-4FA8-AD2C-15C3B6ED17EF}"
EndProject
Global
	GlobalSection(SolutionConfigurationPlatforms) = preSolution
		Debug|Any CPU = Debug|Any CPU
		Release|Any CPU = Release|Any CPU
	EndGlobalSection
	GlobalSection(ProjectConfigurationPlatforms) = postSolution
		{AF3C497C-16E6-4FA8-AD2C-15C3B6ED17EF}.Debug|Any CPU.ActiveCfg = Debug|Any CPU
		{AF3C497C-16E6-4FA8-AD2C-15C3B6ED17EF}.Debug|Any CPU.Build.0 = Debug|Any CPU
		{AF3C497C-16E6-4FA8-AD2C-15C3B6ED17EF}.Release|Any CPU.ActiveCfg = Release|Any CPU
		{AF3C497C-16E6-4FA8-AD2C-15C3B6ED17EF}.Release|Any CPU.Build.0 = Release|Any CPU
	EndGlobalSection
	GlobalSection(SolutionProperties) = preSolution
		HideSolutionNode = FALSE
	EndGlobalSection
	GlobalSection(ExtensibilityGlobals) = postSolution
		SolutionGuid = {AD4F3A6A-9CD8-493C-A616-A9F68F55AACF}
	EndGlobalSection
EndGlobal
